// !$*UTF8*$!
{
	archiveVersion = 1;
	classes = {
	};
	objectVersion = 70;
	objects = {

/* Begin PBXBuildFile section */
		5011BBEC2C632FB400A82219 /* FirebaseAnalytics in Frameworks */ = {isa = PBXBuildFile; productRef = 5011BBEB2C632FB400A82219 /* FirebaseAnalytics */; };
		5011BBEE2C632FB400A82219 /* FirebaseAnalyticsOnDeviceConversion in Frameworks */ = {isa = PBXBuildFile; productRef = 5011BBED2C632FB400A82219 /* FirebaseAnalyticsOnDeviceConversion */; };
		5011BBF02C632FB400A82219 /* FirebaseAppCheck in Frameworks */ = {isa = PBXBuildFile; productRef = 5011BBEF2C632FB400A82219 /* FirebaseAppCheck */; };
		5011BBF22C632FB400A82219 /* FirebaseAuth in Frameworks */ = {isa = PBXBuildFile; productRef = 5011BBF12C632FB400A82219 /* FirebaseAuth */; };
		5011BBF42C632FB400A82219 /* FirebaseCrashlytics in Frameworks */ = {isa = PBXBuildFile; productRef = 5011BBF32C632FB400A82219 /* FirebaseCrashlytics */; };
		5011BBF62C632FB400A82219 /* FirebaseFirestore in Frameworks */ = {isa = PBXBuildFile; productRef = 5011BBF52C632FB400A82219 /* FirebaseFirestore */; };
		5011BBF82C632FB500A82219 /* FirebaseStorage in Frameworks */ = {isa = PBXBuildFile; productRef = 5011BBF72C632FB500A82219 /* FirebaseStorage */; };
		5011BBFB2C632FE400A82219 /* CodeScanner in Frameworks */ = {isa = PBXBuildFile; productRef = 5011BBFA2C632FE400A82219 /* CodeScanner */; };
		501B59AD2C7928690097A966 /* CachedAsyncImage in Frameworks */ = {isa = PBXBuildFile; productRef = 501B59AC2C7928690097A966 /* CachedAsyncImage */; };
		503CF03F2F9B22B20088DB8C /* README.md in Resources */ = {isa = PBXBuildFile; fileRef = 503CF03E2F9B22B20088DB8C /* README.md */; };
/* End PBXBuildFile section */

/* Begin PBXFileReference section */
		5011BBB82C63159200A82219 /* RedDoor.app */ = {isa = PBXFileReference; explicitFileType = wrapper.application; includeInIndex = 0; path = RedDoor.app; sourceTree = BUILT_PRODUCTS_DIR; };
		503CF03E2F9B22B20088DB8C /* README.md */ = {isa = PBXFileReference; lastKnownFileType = net.daringfireball.markdown; path = README.md; sourceTree = "<group>"; };
/* End PBXFileReference section */

/* Begin PBXFileSystemSynchronizedRootGroup section */
		50C8DDD22D39CAC7007B3E7B /* src */ = {isa = PBXFileSystemSynchronizedRootGroup; explicitFileTypes = {}; explicitFolders = (); path = src; sourceTree = "<group>"; };
/* End PBXFileSystemSynchronizedRootGroup section */

/* Begin PBXFrameworksBuildPhase section */
		5011BBB52C63159200A82219 /* Frameworks */ = {
			isa = PBXFrameworksBuildPhase;
			buildActionMask = 2147483647;
			files = (
				5011BBFB2C632FE400A82219 /* CodeScanner in Frameworks */,
				5011BBEC2C632FB400A82219 /* FirebaseAnalytics in Frameworks */,
				5011BBF02C632FB400A82219 /* FirebaseAppCheck in Frameworks */,
				501B59AD2C7928690097A966 /* CachedAsyncImage in Frameworks */,
				5011BBF42C632FB400A82219 /* FirebaseCrashlytics in Frameworks */,
				5011BBEE2C632FB400A82219 /* FirebaseAnalyticsOnDeviceConversion in Frameworks */,
				5011BBF82C632FB500A82219 /* FirebaseStorage in Frameworks */,
				5011BBF22C632FB400A82219 /* FirebaseAuth in Frameworks */,
				5011BBF62C632FB400A82219 /* FirebaseFirestore in Frameworks */,
			);
			runOnlyForDeploymentPostprocessing = 0;
		};
/* End PBXFrameworksBuildPhase section */

/* Begin PBXGroup section */
		5011BBAF2C63159200A82219 = {
			isa = PBXGroup;
			children = (
				503CF03E2F9B22B20088DB8C /* README.md */,
				50C8DDD22D39CAC7007B3E7B /* src */,
				5011BBB92C63159200A82219 /* Products */,
			);
			sourceTree = "<group>";
		};
		5011BBB92C63159200A82219 /* Products */ = {
			isa = PBXGroup;
			children = (
				5011BBB82C63159200A82219 /* RedDoor.app */,
			);
			name = Products;
			sourceTree = "<group>";
		};
/* End PBXGroup section */

/* Begin PBXNativeTarget section */
		5011BBB72C63159200A82219 /* RedDoor */ = {
			isa = PBXNativeTarget;
			buildConfigurationList = 5011BBC62C63159200A82219 /* Build configuration list for PBXNativeTarget "RedDoor" */;
			buildPhases = (
				5011BBB42C63159200A82219 /* Sources */,
				5011BBB52C63159200A82219 /* Frameworks */,
				5011BBB62C63159200A82219 /* Resources */,
				5062C3792F5671B60075585A /* Select Dev Firebase Script */,
			);
			buildRules = (
			);
			dependencies = (
			);
			fileSystemSynchronizedGroups = (
				50C8DDD22D39CAC7007B3E7B /* src */,
			);
			name = RedDoor;
			packageProductDependencies = (
				5011BBEB2C632FB400A82219 /* FirebaseAnalytics */,
				5011BBED2C632FB400A82219 /* FirebaseAnalyticsOnDeviceConversion */,
				5011BBEF2C632FB400A82219 /* FirebaseAppCheck */,
				5011BBF12C632FB400A82219 /* FirebaseAuth */,
				5011BBF32C632FB400A82219 /* FirebaseCrashlytics */,
				5011BBF52C632FB400A82219 /* FirebaseFirestore */,
				5011BBF72C632FB500A82219 /* FirebaseStorage */,
				5011BBFA2C632FE400A82219 /* CodeScanner */,
				501B59AC2C7928690097A966 /* CachedAsyncImage */,
			);
			productName = RedDoor;
			productReference = 5011BBB82C63159200A82219 /* RedDoor.app */;
			productType = "com.apple.product-type.application";
		};
/* End PBXNativeTarget section */

/* Begin PBXProject section */
		5011BBB02C63159200A82219 /* Project object */ = {
			isa = PBXProject;
			attributes = {
				BuildIndependentTargetsInParallel = 1;
				LastSwiftUpdateCheck = 1540;
				LastUpgradeCheck = 2620;
				TargetAttributes = {
					5011BBB72C63159200A82219 = {
						CreatedOnToolsVersion = 15.4;
					};
				};
			};
			buildConfigurationList = 5011BBB32C63159200A82219 /* Build configuration list for PBXProject "RedDoor" */;
			compatibilityVersion = "Xcode 14.0";
			developmentRegion = en;
			hasScannedForEncodings = 0;
			knownRegions = (
				en,
				Base,
			);
			mainGroup = 5011BBAF2C63159200A82219;
			packageReferences = (
				5011BBEA2C632FB400A82219 /* XCRemoteSwiftPackageReference "firebase-ios-sdk" */,
				5011BBF92C632FE400A82219 /* XCRemoteSwiftPackageReference "codeScanner" */,
				501B59AB2C7928690097A966 /* XCRemoteSwiftPackageReference "swiftui-cached-async-image" */,
			);
			productRefGroup = 5011BBB92C63159200A82219 /* Products */;
			projectDirPath = "";
			projectRoot = "";
			targets = (
				5011BBB72C63159200A82219 /* RedDoor */,
			);
		};
/* End PBXProject section */

/* Begin PBXResourcesBuildPhase section */
		5011BBB62C63159200A82219 /* Resources */ = {
			isa = PBXResourcesBuildPhase;
			buildActionMask = 2147483647;
			files = (
				503CF03F2F9B22B20088DB8C /* README.md in Resources */,
			);
			runOnlyForDeploymentPostprocessing = 0;
		};
/* End PBXResourcesBuildPhase section */

/* Begin PBXShellScriptBuildPhase section */
		5062C3792F5671B60075585A /* Select Dev Firebase Script */ = {
			isa = PBXShellScriptBuildPhase;
			alwaysOutOfDate = 1;
			buildActionMask = 2147483647;
			files = (
			);
			inputFileListPaths = (
			);
			inputPaths = (
				"$(SRCROOT)/dev/GoogleService-Info.plist",
			);
			name = "Select Dev Firebase Script";
			outputFileListPaths = (
			);
			outputPaths = (
			);
			runOnlyForDeploymentPostprocessing = 0;
			shellPath = /bin/sh;
			shellScript = "# Use dev Firebase in Debug, production in Release\nif [ \"$CONFIGURATION\" = \"Debug\" ]; then\n  cp \"${SRCROOT}/dev/GoogleService-Info.plist\" \"${BUILT_PRODUCTS_DIR}/${CONTENTS_FOLDER_PATH}/GoogleService-Info.plist\"\nfi\n";
			showEnvVarsInLog = 0;
		};
/* End PBXShellScriptBuildPhase section */

/* Begin PBXSourcesBuildPhase section */
		5011BBB42C63159200A82219 /* Sources */ = {
			isa = PBXSourcesBuildPhase;
			buildActionMask = 2147483647;
			files = (
			);
			runOnlyForDeploymentPostprocessing = 0;
		};
/* End PBXSourcesBuildPhase section */

/* Begin XCBuildConfiguration section */
		5011BBC42C63159200A82219 /* Debug */ = {
			isa = XCBuildConfiguration;
			buildSettings = {
				ALWAYS_SEARCH_USER_PATHS = NO;
				ASSETCATALOG_COMPILER_GENERATE_SWIFT_ASSET_SYMBOL_EXTENSIONS = YES;
				CLANG_ANALYZER_NONNULL = YES;
				CLANG_ANALYZER_NUMBER_OBJECT_CONVERSION = YES_AGGRESSIVE;
				CLANG_CXX_LANGUAGE_STANDARD = "gnu++20";
				CLANG_ENABLE_MODULES = YES;
				CLANG_ENABLE_OBJC_ARC = YES;
				CLANG_ENABLE_OBJC_WEAK = YES;
				CLANG_WARN_BLOCK_CAPTURE_AUTORELEASING = YES;
				CLANG_WARN_BOOL_CONVERSION = YES;
				CLANG_WARN_COMMA = YES;
				CLANG_WARN_CONSTANT_CONVERSION = YES;
				CLANG_WARN_DEPRECATED_OBJC_IMPLEMENTATIONS = YES;
				CLANG_WARN_DIRECT_OBJC_ISA_USAGE = YES_ERROR;
				CLANG_WARN_DOCUMENTATION_COMMENTS = YES;
				CLANG_WARN_EMPTY_BODY = YES;
				CLANG_WARN_ENUM_CONVERSION = YES;
				CLANG_WARN_INFINITE_RECURSION = YES;
				CLANG_WARN_INT_CONVERSION = YES;
				CLANG_WARN_NON_LITERAL_NULL_CONVERSION = YES;
				CLANG_WARN_OBJC_IMPLICIT_RETAIN_SELF = YES;
				CLANG_WARN_OBJC_LITERAL_CONVERSION = YES;
				CLANG_WARN_OBJC_ROOT_CLASS = YES_ERROR;
				CLANG_WARN_QUOTED_INCLUDE_IN_FRAMEWORK_HEADER = YES;
				CLANG_WARN_RANGE_LOOP_ANALYSIS = YES;
				CLANG_WARN_STRICT_PROTOTYPES = YES;
				CLANG_WARN_SUSPICIOUS_MOVE = YES;
				CLANG_WARN_UNGUARDED_AVAILABILITY = YES_AGGRESSIVE;
				CLANG_WARN_UNREACHABLE_CODE = YES;
				CLANG_WARN__DUPLICATE_METHOD_MATCH = YES;
				COPY_PHASE_STRIP = NO;
				DEBUG_INFORMATION_FORMAT = dwarf;
				DEVELOPMENT_TEAM = M3MXPWSA8A;
				ENABLE_STRICT_OBJC_MSGSEND = YES;
				ENABLE_TESTABILITY = YES;
				ENABLE_USER_SCRIPT_SANDBOXING = YES;
				GCC_C_LANGUAGE_STANDARD = gnu17;
				GCC_DYNAMIC_NO_PIC = NO;
				GCC_NO_COMMON_BLOCKS = YES;
				GCC_OPTIMIZATION_LEVEL = 0;
				GCC_PREPROCESSOR_DEFINITIONS = (
					"DEBUG=1",
					"$(inherited)",
				);
				GCC_WARN_64_TO_32_BIT_CONVERSION = YES;
				GCC_WARN_ABOUT_RETURN_TYPE = YES_ERROR;
				GCC_WARN_UNDECLARED_SELECTOR = YES;
				GCC_WARN_UNINITIALIZED_AUTOS = YES_AGGRESSIVE;
				GCC_WARN_UNUSED_FUNCTION = YES;
				GCC_WARN_UNUSED_VARIABLE = YES;
				IPHONEOS_DEPLOYMENT_TARGET = 17.5;
				LOCALIZATION_PREFERS_STRING_CATALOGS = YES;
				MTL_ENABLE_DEBUG_INFO = INCLUDE_SOURCE;
				MTL_FAST_MATH = YES;
				ONLY_ACTIVE_ARCH = YES;
				SDKROOT = iphoneos;
				STRING_CATALOG_GENERATE_SYMBOLS = YES;
				SWIFT_ACTIVE_COMPILATION_CONDITIONS = "DEBUG $(inherited)";
				SWIFT_OPTIMIZATION_LEVEL = "-Onone";
			};
			name = Debug;
		};
		5011BBC52C63159200A82219 /* Release */ = {
			isa = XCBuildConfiguration;
			buildSettings = {
				ALWAYS_SEARCH_USER_PATHS = NO;
				ASSETCATALOG_COMPILER_GENERATE_SWIFT_ASSET_SYMBOL_EXTENSIONS = YES;
				CLANG_ANALYZER_NONNULL = YES;
				CLANG_ANALYZER_NUMBER_OBJECT_CONVERSION = YES_AGGRESSIVE;
				CLANG_CXX_LANGUAGE_STANDARD = "gnu++20";
				CLANG_ENABLE_MODULES = YES;
				CLANG_ENABLE_OBJC_ARC = YES;
				CLANG_ENABLE_OBJC_WEAK = YES;
				CLANG_WARN_BLOCK_CAPTURE_AUTORELEASING = YES;
				CLANG_WARN_BOOL_CONVERSION = YES;
				CLANG_WARN_COMMA = YES;
				CLANG_WARN_CONSTANT_CONVERSION = YES;
				CLANG_WARN_DEPRECATED_OBJC_IMPLEMENTATIONS = YES;
				CLANG_WARN_DIRECT_OBJC_ISA_USAGE = YES_ERROR;
				CLANG_WARN_DOCUMENTATION_COMMENTS = YES;
				CLANG_WARN_EMPTY_BODY = YES;
				CLANG_WARN_ENUM_CONVERSION = YES;
				CLANG_WARN_INFINITE_RECURSION = YES;
				CLANG_WARN_INT_CONVERSION = YES;
				CLANG_WARN_NON_LITERAL_NULL_CONVERSION = YES;
				CLANG_WARN_OBJC_IMPLICIT_RETAIN_SELF = YES;
				CLANG_WARN_OBJC_LITERAL_CONVERSION = YES;
				CLANG_WARN_OBJC_ROOT_CLASS = YES_ERROR;
				CLANG_WARN_QUOTED_INCLUDE_IN_FRAMEWORK_HEADER = YES;
				CLANG_WARN_RANGE_LOOP_ANALYSIS = YES;
				CLANG_WARN_STRICT_PROTOTYPES = YES;
				CLANG_WARN_SUSPICIOUS_MOVE = YES;
				CLANG_WARN_UNGUARDED_AVAILABILITY = YES_AGGRESSIVE;
				CLANG_WARN_UNREACHABLE_CODE = YES;
				CLANG_WARN__DUPLICATE_METHOD_MATCH = YES;
				COPY_PHASE_STRIP = NO;
				DEBUG_INFORMATION_FORMAT = "dwarf-with-dsym";
				DEVELOPMENT_TEAM = M3MXPWSA8A;
				ENABLE_NS_ASSERTIONS = NO;
				ENABLE_STRICT_OBJC_MSGSEND = YES;
				ENABLE_USER_SCRIPT_SANDBOXING = YES;
				GCC_C_LANGUAGE_STANDARD = gnu17;
				GCC_NO_COMMON_BLOCKS = YES;
				GCC_WARN_64_TO_32_BIT_CONVERSION = YES;
				GCC_WARN_ABOUT_RETURN_TYPE = YES_ERROR;
				GCC_WARN_UNDECLARED_SELECTOR = YES;
				GCC_WARN_UNINITIALIZED_AUTOS = YES_AGGRESSIVE;
				GCC_WARN_UNUSED_FUNCTION = YES;
				GCC_WARN_UNUSED_VARIABLE = YES;
				IPHONEOS_DEPLOYMENT_TARGET = 17.5;
				LOCALIZATION_PREFERS_STRING_CATALOGS = YES;
				MTL_ENABLE_DEBUG_INFO = NO;
				MTL_FAST_MATH = YES;
				SDKROOT = iphoneos;
				STRING_CATALOG_GENERATE_SYMBOLS = YES;
				SWIFT_COMPILATION_MODE = wholemodule;
				VALIDATE_PRODUCT = YES;
			};
			name = Release;
		};
		5011BBC72C63159200A82219 /* Debug */ = {
			isa = XCBuildConfiguration;
			buildSettings = {
				ASSETCATALOG_COMPILER_APPICON_NAME = RedDoor;
				ASSETCATALOG_COMPILER_GLOBAL_ACCENT_COLOR_NAME = AccentColor;
				ASSETCATALOG_COMPILER_INCLUDE_ALL_APPICON_ASSETS = YES;
				CODE_SIGN_STYLE = Automatic;
				CURRENT_PROJECT_VERSION = 1;
				DEVELOPMENT_ASSET_PATHS = "\"src/Preview Content\"";
				ENABLE_PREVIEWS = YES;
				ENABLE_USER_SCRIPT_SANDBOXING = NO;
				GENERATE_INFOPLIST_FILE = YES;
				INFOPLIST_KEY_NSCameraUsageDescription = "We need camera access to let you take photos of items to create them in the app.";
				INFOPLIST_KEY_NSPhotoLibraryAddUsageDescription = "We need photo library access to let you add photos to items created in the app.";
				INFOPLIST_KEY_NSPhotoLibraryUsageDescription = "When creating an item in the app, we need access to the photo library in case you want to assign pre-taken photos to an item.";
				INFOPLIST_KEY_UIApplicationSceneManifest_Generation = YES;
				INFOPLIST_KEY_UIApplicationSupportsIndirectInputEvents = YES;
				INFOPLIST_KEY_UILaunchScreen_Generation = YES;
				INFOPLIST_KEY_UISupportedInterfaceOrientations_iPad = "UIInterfaceOrientationPortrait UIInterfaceOrientationPortraitUpsideDown UIInterfaceOrientationLandscapeLeft UIInterfaceOrientationLandscapeRight";
				INFOPLIST_KEY_UISupportedInterfaceOrientations_iPhone = "UIInterfaceOrientationPortrait UIInterfaceOrientationLandscapeLeft UIInterfaceOrientationLandscapeRight";
				IPHONEOS_DEPLOYMENT_TARGET = 18.0;
				LD_RUNPATH_SEARCH_PATHS = (
					"$(inherited)",
					"@executable_path/Frameworks",
				);
				MARKETING_VERSION = 0.1.0;
				PRODUCT_BUNDLE_IDENTIFIER = com.liu.quinn.RedDoor;
				PRODUCT_NAME = "$(TARGET_NAME)";
				SWIFT_EMIT_LOC_STRINGS = YES;
				SWIFT_VERSION = 5.0;
				TARGETED_DEVICE_FAMILY = "1,2";
			};
			name = Debug;
		};
		5011BBC82C63159200A82219 /* Release */ = {
			isa = XCBuildConfiguration;
			buildSettings = {
				ASSETCATALOG_COMPILER_APPICON_NAME = RedDoor;
				ASSETCATALOG_COMPILER_GLOBAL_ACCENT_COLOR_NAME = AccentColor;
				ASSETCATALOG_COMPILER_INCLUDE_ALL_APPICON_ASSETS = YES;
				CODE_SIGN_STYLE = Automatic;
				CURRENT_PROJECT_VERSION = 1;
				DEVELOPMENT_ASSET_PATHS = "\"src/Preview Content\"";
				ENABLE_PREVIEWS = YES;
				ENABLE_USER_SCRIPT_SANDBOXING = NO;
				GENERATE_INFOPLIST_FILE = YES;
				INFOPLIST_KEY_NSCameraUsageDescription = "We need camera access to let you take photos of items to create them in the app.";
				INFOPLIST_KEY_NSPhotoLibraryAddUsageDescription = "We need photo library access to let you add photos to items created in the app.";
				INFOPLIST_KEY_NSPhotoLibraryUsageDescription = "When creating an item in the app, we need access to the photo library in case you want to assign pre-taken photos to an item.";
				INFOPLIST_KEY_UIApplicationSceneManifest_Generation = YES;
				INFOPLIST_KEY_UIApplicationSupportsIndirectInputEvents = YES;
				INFOPLIST_KEY_UILaunchScreen_Generation = YES;
				INFOPLIST_KEY_UISupportedInterfaceOrientations_iPad = "UIInterfaceOrientationPortrait UIInterfaceOrientationPortraitUpsideDown UIInterfaceOrientationLandscapeLeft UIInterfaceOrientationLandscapeRight";
				INFOPLIST_KEY_UISupportedInterfaceOrientations_iPhone = "UIInterfaceOrientationPortrait UIInterfaceOrientationLandscapeLeft UIInterfaceOrientationLandscapeRight";
				IPHONEOS_DEPLOYMENT_TARGET = 18.0;
				LD_RUNPATH_SEARCH_PATHS = (
					"$(inherited)",
					"@executable_path/Frameworks",
				);
				MARKETING_VERSION = 0.1.0;
				PRODUCT_BUNDLE_IDENTIFIER = com.liu.quinn.RedDoor;
				PRODUCT_NAME = "$(TARGET_NAME)";
				SWIFT_EMIT_LOC_STRINGS = YES;
				SWIFT_VERSION = 5.0;
				TARGETED_DEVICE_FAMILY = "1,2";
			};
			name = Release;
		};
/* End XCBuildConfiguration section */

/* Begin XCConfigurationList section */
		5011BBB32C63159200A82219 /* Build configuration list for PBXProject "RedDoor" */ = {
			isa = XCConfigurationList;
			buildConfigurations = (
				5011BBC42C63159200A82219 /* Debug */,
				5011BBC52C63159200A82219 /* Release */,
			);
			defaultConfigurationIsVisible = 0;
			defaultConfigurationName = Release;
		};
		5011BBC62C63159200A82219 /* Build configuration list for PBXNativeTarget "RedDoor" */ = {
			isa = XCConfigurationList;
			buildConfigurations = (
				5011BBC72C63159200A82219 /* Debug */,
				5011BBC82C63159200A82219 /* Release */,
			);
			defaultConfigurationIsVisible = 0;
			defaultConfigurationName = Release;
		};
/* End XCConfigurationList section */

/* Begin XCRemoteSwiftPackageReference section */
		5011BBEA2C632FB400A82219 /* XCRemoteSwiftPackageReference "firebase-ios-sdk" */ = {
			isa = XCRemoteSwiftPackageReference;
			repositoryURL = "https://github.com/firebase/firebase-ios-sdk";
			requirement = {
				kind = upToNextMajorVersion;
				minimumVersion = 11.0.0;
			};
		};
		5011BBF92C632FE400A82219 /* XCRemoteSwiftPackageReference "codeScanner" */ = {
			isa = XCRemoteSwiftPackageReference;
			repositoryURL = "https://github.com/twostraws/codeScanner";
			requirement = {
				kind = upToNextMajorVersion;
				minimumVersion = 2.5.0;
			};
		};
		501B59AB2C7928690097A966 /* XCRemoteSwiftPackageReference "swiftui-cached-async-image" */ = {
			isa = XCRemoteSwiftPackageReference;
			repositoryURL = "https://github.com/lorenzofiamingo/swiftui-cached-async-image";
			requirement = {
				kind = upToNextMajorVersion;
				minimumVersion = 2.1.1;
			};
		};
/* End XCRemoteSwiftPackageReference section */

/* Begin XCSwiftPackageProductDependency section */
		5011BBEB2C632FB400A82219 /* FirebaseAnalytics */ = {
			isa = XCSwiftPackageProductDependency;
			package = 5011BBEA2C632FB400A82219 /* XCRemoteSwiftPackageReference "firebase-ios-sdk" */;
			productName = FirebaseAnalytics;
		};
		5011BBED2C632FB400A82219 /* FirebaseAnalyticsOnDeviceConversion */ = {
			isa = XCSwiftPackageProductDependency;
			package = 5011BBEA2C632FB400A82219 /* XCRemoteSwiftPackageReference "firebase-ios-sdk" */;
			productName = FirebaseAnalyticsOnDeviceConversion;
		};
		5011BBEF2C632FB400A82219 /* FirebaseAppCheck */ = {
			isa = XCSwiftPackageProductDependency;
			package = 5011BBEA2C632FB400A82219 /* XCRemoteSwiftPackageReference "firebase-ios-sdk" */;
			productName = FirebaseAppCheck;
		};
		5011BBF12C632FB400A82219 /* FirebaseAuth */ = {
			isa = XCSwiftPackageProductDependency;
			package = 5011BBEA2C632FB400A82219 /* XCRemoteSwiftPackageReference "firebase-ios-sdk" */;
			productName = FirebaseAuth;
		};
		5011BBF32C632FB400A82219 /* FirebaseCrashlytics */ = {
			isa = XCSwiftPackageProductDependency;
			package = 5011BBEA2C632FB400A82219 /* XCRemoteSwiftPackageReference "firebase-ios-sdk" */;
			productName = FirebaseCrashlytics;
		};
		5011BBF52C632FB400A82219 /* FirebaseFirestore */ = {
			isa = XCSwiftPackageProductDependency;
			package = 5011BBEA2C632FB400A82219 /* XCRemoteSwiftPackageReference "firebase-ios-sdk" */;
			productName = FirebaseFirestore;
		};
		5011BBF72C632FB500A82219 /* FirebaseStorage */ = {
			isa = XCSwiftPackageProductDependency;
			package = 5011BBEA2C632FB400A82219 /* XCRemoteSwiftPackageReference "firebase-ios-sdk" */;
			productName = FirebaseStorage;
		};
		5011BBFA2C632FE400A82219 /* CodeScanner */ = {
			isa = XCSwiftPackageProductDependency;
			package = 5011BBF92C632FE400A82219 /* XCRemoteSwiftPackageReference "codeScanner" */;
			productName = CodeScanner;
		};
		501B59AC2C7928690097A966 /* CachedAsyncImage */ = {
			isa = XCSwiftPackageProductDependency;
			package = 501B59AB2C7928690097A966 /* XCRemoteSwiftPackageReference "swiftui-cached-async-image" */;
			productName = CachedAsyncImage;
		};
/* End XCSwiftPackageProductDependency section */
	};
	rootObject = 5011BBB02C63159200A82219 /* Project object */;
}
